
Microsoft Visual Studio Solution File, Format Version 12.00
# Visual Studio Version 16
VisualStudioVersion = 16.0.31205.134
MinimumVisualStudioVersion = 10.0.40219.1
Project("{F184B08F-C81C-45F6-A57F-5ABD9991F28F}") = "indianoil", "indianoil\indianoil.vbproj", "{C3093412-7277-483E-BF2A-96296F77D4E0}"
EndProject
Global
	GlobalSection(SolutionConfigurationPlatforms) = preSolution
		Debug|Any CPU = Debug|Any CPU
		Release|Any CPU = Release|Any CPU
	EndGlobalSection
	GlobalSection(ProjectConfigurationPlatforms) = postSolution
		{C3093412-7277-483E-BF2A-96296F77D4E0}.Debug|Any CPU.ActiveCfg = Debug|Any CPU
		{C3093412-7277-483E-BF2A-96296F77D4E0}.Debug|Any CPU.Build.0 = Debug|Any CPU
		{C3093412-7277-483E-BF2A-96296F77D4E0}.Release|Any CPU.ActiveCfg = Release|Any CPU
		{C3093412-7277-483E-BF2A-96296F77D4E0}.Release|Any CPU.Build.0 = Release|Any CPU
	EndGlobalSection
	GlobalSection(SolutionProperties) = preSolution
		HideSolutionNode = FALSE
	EndGlobalSection
	GlobalSection(ExtensibilityGlobals) = postSolution
		SolutionGuid = {5D13DEAB-132D-447E-8DFE-54D9D32300B2}
	EndGlobalSection
EndGlobal
